<?xml version="1.0" encoding="utf-8"?>
<Project ToolsVersion="4.0" xmlns="http://schemas.microsoft.com/developer/msbuild/2003">
  <ItemGroup>
    <Page Include="SettingsPage.xaml">
      <Filter>views\pages\settings</Filter>
    </Page>
    <Page Include="TemplateSettingsPage.xaml">
      <Filter>views\pages\settings\subpages</Filter>
    </Page>
    <Page Include="RootSettingsPage.xaml">
      <Filter>views\pages\settings\subpages</Filter>
    </Page>
    <Page Include="SettingsStyleResources.xaml">
      <Filter>views\pages\settings</Filter>
    </Page>
    <Page Include="GlobalStyleResources.xaml">
      <Filter>resources</Filter>
    </Page>
    <Page Include="AddSourceContentDialog.xaml">
      <Filter>views\dialogs</Filter>
    </Page>
    <Page Include="FeaturesPage.xaml">
      <Filter>views\pages</Filter>
    </Page>
    <Page Include="PackagesPage.xaml">
      <Filter>views\pages</Filter>
    </Page>
    <Page Include="SysInfoPage.xaml">
      <Filter>views\pages</Filter>
    </Page>
    <Page Include="MainWindow.xaml">
      <Filter>views\windows</Filter>
    </Page>
    <Page Include="ErrorDialog.xaml">
      <Filter>views\dialogs</Filter>
    </Page>
  </ItemGroup>
  <ItemGroup>
    <Midl Include="App.idl" />
    <Midl Include="MainWindow.idl" />
    <Midl Include="FeatureViewModel.idl">
      <Filter>view_models</Filter>
    </Midl>
    <Midl Include="PackageViewModel.idl">
      <Filter>view_models</Filter>
    </Midl>
    <Midl Include="ImageSelectorViewModel.idl">
      <Filter>view_models</Filter>
    </Midl>
    <Midl Include="SysInfoRealtimeProvider.idl">
      <Filter>view_models</Filter>
    </Midl>
    <Midl Include="SysInfoStaticViewModel.idl">
      <Filter>view_models</Filter>
    </Midl>
    <Midl Include="ImageViewModel.idl">
      <Filter>view_models</Filter>
    </Midl>
    <Midl Include="FeaturesPageViewModel.idl">
      <Filter>view_models</Filter>
    </Midl>
    <Midl Include="PackagesPageViewModel.idl">
      <Filter>view_models</Filter>
    </Midl>
    <Midl Include="MainNavigationService.idl">
      <Filter>view_models\services</Filter>
    </Midl>
    <Midl Include="MainProgressService.idl">
      <Filter>view_models\services</Filter>
    </Midl>
    <Midl Include="RelayCommand.idl">
      <Filter>libraries\mvvm</Filter>
    </Midl>
    <Midl Include="ComponentViewModel.idl">
      <Filter>view_models</Filter>
    </Midl>
  </ItemGroup>
  <ItemGroup>
    <ClCompile Include="$(GeneratedFilesDir)module.g.cpp">
      <Filter>framework</Filter>
    </ClCompile>
    <ClCompile Include="pch.cpp">
      <Filter>framework</Filter>
    </ClCompile>
    <ClCompile Include="CbsApiProxy.c">
      <Filter>libraries\servicingapi</Filter>
    </ClCompile>
    <ClCompile Include="AppConfig.cpp">
      <Filter>libraries\appconfig</Filter>
    </ClCompile>
    <ClCompile Include="FeatureModel.cpp">
      <Filter>models</Filter>
    </ClCompile>
    <ClCompile Include="PackageModel.cpp">
      <Filter>models</Filter>
    </ClCompile>
    <ClCompile Include="ImageModel.cpp">
      <Filter>models</Filter>
    </ClCompile>
    <ClCompile Include="SessionModel.cpp">
      <Filter>models</Filter>
    </ClCompile>
    <ClCompile Include="HardwareInfoModel.cpp">
      <Filter>models</Filter>
    </ClCompile>
    <ClCompile Include="ImageSelectorHelper.cpp">
      <Filter>models</Filter>
    </ClCompile>
    <ClCompile Include="GlobalUtil.cpp">
      <Filter>libraries\utils</Filter>
    </ClCompile>
    <ClCompile Include="StoreModel.cpp">
      <Filter>models</Filter>
    </ClCompile>
    <ClCompile Include="ComponentModel.cpp">
      <Filter>models</Filter>
    </ClCompile>
  </ItemGroup>
  <ItemGroup>
    <ClInclude Include="pch.h">
      <Filter>framework</Filter>
    </ClInclude>
    <ClInclude Include="SSShimApi.h">
      <Filter>libraries\servicingapi</Filter>
    </ClInclude>
    <ClInclude Include="MallocUtil.h">
      <Filter>libraries\utils</Filter>
    </ClInclude>
    <ClInclude Include="AppConfig.h">
      <Filter>libraries\appconfig</Filter>
    </ClInclude>
    <ClInclude Include="CbsUtil.h">
      <Filter>libraries\utils</Filter>
    </ClInclude>
    <ClInclude Include="FeatureModel.h">
      <Filter>models</Filter>
    </ClInclude>
    <ClInclude Include="Model.h">
      <Filter>models</Filter>
    </ClInclude>
    <ClInclude Include="ModelManager.h">
      <Filter>models</Filter>
    </ClInclude>
    <ClInclude Include="PackageModel.h">
      <Filter>models</Filter>
    </ClInclude>
    <ClInclude Include="ImageModel.h">
      <Filter>models</Filter>
    </ClInclude>
    <ClInclude Include="SessionModel.h">
      <Filter>models</Filter>
    </ClInclude>
    <ClInclude Include="HardwareInfoModel.h">
      <Filter>models</Filter>
    </ClInclude>
    <ClInclude Include="ImageSelectorHelper.h">
      <Filter>models</Filter>
    </ClInclude>
    <ClInclude Include="PathUtil.h">
      <Filter>libraries\utils</Filter>
    </ClInclude>
    <ClInclude Include="GitObject.h">
      <Filter>models</Filter>
    </ClInclude>
    <ClInclude Include="GitUtil.h">
      <Filter>libraries\utils</Filter>
    </ClInclude>
    <ClInclude Include="GlobalUtil.h">
      <Filter>libraries\utils</Filter>
    </ClInclude>
    <ClInclude Include="XamlUtil.h">
      <Filter>libraries\utils</Filter>
    </ClInclude>
    <ClInclude Include="CCbsUIHandler.h">
      <Filter>models</Filter>
    </ClInclude>
    <ClInclude Include="AsyncUtil.h">
      <Filter>libraries\utils</Filter>
    </ClInclude>
    <ClInclude Include="CacheUtil.h">
      <Filter>libraries\utils</Filter>
    </ClInclude>
    <ClInclude Include="isolation.h">
      <Filter>libraries\servicingapi</Filter>
    </ClInclude>
    <ClInclude Include="csiapi.h">
      <Filter>libraries\servicingapi</Filter>
    </ClInclude>
    <ClInclude Include="wcpdef.h">
      <Filter>libraries\servicingapi</Filter>
    </ClInclude>
    <ClInclude Include="cdf_types.h">
      <Filter>libraries\servicingapi</Filter>
    </ClInclude>
    <ClInclude Include="StoreModel.h">
      <Filter>models</Filter>
    </ClInclude>
    <ClInclude Include="ComponentModel.h">
      <Filter>models</Filter>
    </ClInclude>
    <ClInclude Include="PropChgUtil.h">
      <Filter>libraries\utils</Filter>
    </ClInclude>
  </ItemGroup>
  <ItemGroup>
    <Filter Include="framework">
      <UniqueIdentifier>{1a452f4c-a1ba-4975-8387-e818e1bc333e}</UniqueIdentifier>
    </Filter>
    <Filter Include="libraries">
      <UniqueIdentifier>{38eb061c-6e1f-4c2b-a5fe-781325d28ac4}</UniqueIdentifier>
    </Filter>
    <Filter Include="libraries\appconfig">
      <UniqueIdentifier>{55eaf09c-4e3b-41b5-9ead-cec9990028e7}</UniqueIdentifier>
    </Filter>
    <Filter Include="resources">
      <UniqueIdentifier>{2129dccb-97dc-494d-aba6-3c56e4e34a00}</UniqueIdentifier>
    </Filter>
    <Filter Include="libraries\servicingapi">
      <UniqueIdentifier>{80796b11-1e1a-4abd-a4f1-f86d9614015f}</UniqueIdentifier>
    </Filter>
    <Filter Include="resources\EmbedAssets">
      <UniqueIdentifier>{138c5470-b65f-479f-8b89-1b5dbd761e2e}</UniqueIdentifier>
    </Filter>
    <Filter Include="views">
      <UniqueIdentifier>{50a551d6-b67b-490d-bc0f-42c4822c9620}</UniqueIdentifier>
    </Filter>
    <Filter Include="views\pages">
      <UniqueIdentifier>{4e1eafb4-0b71-4700-86d7-d09003e7dc97}</UniqueIdentifier>
    </Filter>
    <Filter Include="views\dialogs">
      <UniqueIdentifier>{67abbc2f-87fc-47e7-824e-795e44286480}</UniqueIdentifier>
    </Filter>
    <Filter Include="views\pages\settings">
      <UniqueIdentifier>{41ce4714-fa1c-404c-9307-c554dbc55c6a}</UniqueIdentifier>
    </Filter>
    <Filter Include="views\pages\settings\subpages">
      <UniqueIdentifier>{828c1d4e-e4ff-4598-92ec-d485598fefd6}</UniqueIdentifier>
    </Filter>
    <Filter Include="view_models">
      <UniqueIdentifier>{79255794-163a-4f35-afa9-100be1883a2b}</UniqueIdentifier>
    </Filter>
    <Filter Include="views\windows">
      <UniqueIdentifier>{b9a4aaf4-5a6e-4d9d-b9af-8f72bd0a2bd0}</UniqueIdentifier>
    </Filter>
    <Filter Include="models">
      <UniqueIdentifier>{898e0e38-1d75-4a62-8c90-4fe36eeab76b}</UniqueIdentifier>
    </Filter>
    <Filter Include="libraries\utils">
      <UniqueIdentifier>{a094e06b-f6dc-4009-b182-58910abbe46e}</UniqueIdentifier>
    </Filter>
    <Filter Include="view_models\services">
      <UniqueIdentifier>{a0bbe6e2-eeb0-49da-95c7-fb521ab436dd}</UniqueIdentifier>
    </Filter>
    <Filter Include="libraries\mvvm">
      <UniqueIdentifier>{8f56b97e-b92d-48bd-9475-70b6710937e5}</UniqueIdentifier>
    </Filter>
    <Filter Include="resources\Assets">
      <UniqueIdentifier>{d3c85fd5-0741-4ef2-b814-bb45d45c746a}</UniqueIdentifier>
    </Filter>
  </ItemGroup>
  <ItemGroup>
    <Manifest Include="app.manifest">
      <Filter>framework</Filter>
    </Manifest>
  </ItemGroup>
  <ItemGroup>
    <ApplicationDefinition Include="App.xaml">
      <Filter>framework</Filter>
    </ApplicationDefinition>
  </ItemGroup>
  <ItemGroup>
    <None Include="packages.config">
      <Filter>framework</Filter>
    </None>
    <None Include=".editorconfig" />
    <None Include="EmbedAssets\win7.svg">
      <Filter>resources\EmbedAssets</Filter>
    </None>
    <None Include="EmbedAssets\win8or10.svg">
      <Filter>resources\EmbedAssets</Filter>
    </None>
    <None Include="EmbedAssets\win11.svg">
      <Filter>resources\EmbedAssets</Filter>
    </None>
    <None Include="UFCase_TemporaryKey.pfx" />
    <None Include=".clang-format" />
  </ItemGroup>
  <ItemGroup>
    <CustomBuild Include="CbsApi.idl">
      <Filter>libraries\servicingapi</Filter>
    </CustomBuild>
  </ItemGroup>
  <ItemGroup>
    <Natvis Include="$(MSBuildThisFileDirectory)..\..\natvis\wil.natvis" />
  </ItemGroup>
  <ItemGroup>
    <Image Include="Assets\LargeTile.scale-100.png">
      <Filter>resources\Assets</Filter>
    </Image>
    <Image Include="Assets\LargeTile.scale-125.png">
      <Filter>resources\Assets</Filter>
    </Image>
    <Image Include="Assets\LargeTile.scale-150.png">
      <Filter>resources\Assets</Filter>
    </Image>
    <Image Include="Assets\LargeTile.scale-200.png">
      <Filter>resources\Assets</Filter>
    </Image>
    <Image Include="Assets\LargeTile.scale-400.png">
      <Filter>resources\Assets</Filter>
    </Image>
    <Image Include="Assets\SmallTile.scale-100.png">
      <Filter>resources\Assets</Filter>
    </Image>
    <Image Include="Assets\SmallTile.scale-125.png">
      <Filter>resources\Assets</Filter>
    </Image>
    <Image Include="Assets\SmallTile.scale-150.png">
      <Filter>resources\Assets</Filter>
    </Image>
    <Image Include="Assets\SmallTile.scale-200.png">
      <Filter>resources\Assets</Filter>
    </Image>
    <Image Include="Assets\SmallTile.scale-400.png">
      <Filter>resources\Assets</Filter>
    </Image>
    <Image Include="Assets\SplashScreen.scale-100.png">
      <Filter>resources\Assets</Filter>
    </Image>
    <Image Include="Assets\SplashScreen.scale-125.png">
      <Filter>resources\Assets</Filter>
    </Image>
    <Image Include="Assets\SplashScreen.scale-150.png">
      <Filter>resources\Assets</Filter>
    </Image>
    <Image Include="Assets\SplashScreen.scale-200.png">
      <Filter>resources\Assets</Filter>
    </Image>
    <Image Include="Assets\SplashScreen.scale-400.png">
      <Filter>resources\Assets</Filter>
    </Image>
    <Image Include="Assets\Square44x44Logo.altform-lightunplated_targetsize-16.png">
      <Filter>resources\Assets</Filter>
    </Image>
    <Image Include="Assets\Square44x44Logo.altform-lightunplated_targetsize-24.png">
      <Filter>resources\Assets</Filter>
    </Image>
    <Image Include="Assets\Square44x44Logo.altform-lightunplated_targetsize-32.png">
      <Filter>resources\Assets</Filter>
    </Image>
    <Image Include="Assets\Square44x44Logo.altform-lightunplated_targetsize-48.png">
      <Filter>resources\Assets</Filter>
    </Image>
    <Image Include="Assets\Square44x44Logo.altform-lightunplated_targetsize-256.png">
      <Filter>resources\Assets</Filter>
    </Image>
    <Image Include="Assets\Square44x44Logo.altform-unplated_targetsize-16.png">
      <Filter>resources\Assets</Filter>
    </Image>
    <Image Include="Assets\Square44x44Logo.altform-unplated_targetsize-24.png">
      <Filter>resources\Assets</Filter>
    </Image>
    <Image Include="Assets\Square44x44Logo.altform-unplated_targetsize-32.png">
      <Filter>resources\Assets</Filter>
    </Image>
    <Image Include="Assets\Square44x44Logo.altform-unplated_targetsize-48.png">
      <Filter>resources\Assets</Filter>
    </Image>
    <Image Include="Assets\Square44x44Logo.altform-unplated_targetsize-256.png">
      <Filter>resources\Assets</Filter>
    </Image>
    <Image Include="Assets\Square44x44Logo.scale-100.png">
      <Filter>resources\Assets</Filter>
    </Image>
    <Image Include="Assets\Square44x44Logo.scale-125.png">
      <Filter>resources\Assets</Filter>
    </Image>
    <Image Include="Assets\Square44x44Logo.scale-150.png">
      <Filter>resources\Assets</Filter>
    </Image>
    <Image Include="Assets\Square44x44Logo.scale-200.png">
      <Filter>resources\Assets</Filter>
    </Image>
    <Image Include="Assets\Square44x44Logo.scale-400.png">
      <Filter>resources\Assets</Filter>
    </Image>
    <Image Include="Assets\Square44x44Logo.targetsize-16.png">
      <Filter>resources\Assets</Filter>
    </Image>
    <Image Include="Assets\Square44x44Logo.targetsize-24.png">
      <Filter>resources\Assets</Filter>
    </Image>
    <Image Include="Assets\Square44x44Logo.targetsize-32.png">
      <Filter>resources\Assets</Filter>
    </Image>
    <Image Include="Assets\Square44x44Logo.targetsize-48.png">
      <Filter>resources\Assets</Filter>
    </Image>
    <Image Include="Assets\Square44x44Logo.targetsize-256.png">
      <Filter>resources\Assets</Filter>
    </Image>
    <Image Include="Assets\Square150x150Logo.scale-100.png">
      <Filter>resources\Assets</Filter>
    </Image>
    <Image Include="Assets\Square150x150Logo.scale-125.png">
      <Filter>resources\Assets</Filter>
    </Image>
    <Image Include="Assets\Square150x150Logo.scale-150.png">
      <Filter>resources\Assets</Filter>
    </Image>
    <Image Include="Assets\Square150x150Logo.scale-200.png">
      <Filter>resources\Assets</Filter>
    </Image>
    <Image Include="Assets\Square150x150Logo.scale-400.png">
      <Filter>resources\Assets</Filter>
    </Image>
    <Image Include="Assets\StoreLogo.scale-100.png">
      <Filter>resources\Assets</Filter>
    </Image>
    <Image Include="Assets\StoreLogo.scale-125.png">
      <Filter>resources\Assets</Filter>
    </Image>
    <Image Include="Assets\StoreLogo.scale-150.png">
      <Filter>resources\Assets</Filter>
    </Image>
    <Image Include="Assets\StoreLogo.scale-200.png">
      <Filter>resources\Assets</Filter>
    </Image>
    <Image Include="Assets\StoreLogo.scale-400.png">
      <Filter>resources\Assets</Filter>
    </Image>
    <Image Include="Assets\Wide310x150Logo.scale-100.png">
      <Filter>resources\Assets</Filter>
    </Image>
    <Image Include="Assets\Wide310x150Logo.scale-125.png">
      <Filter>resources\Assets</Filter>
    </Image>
    <Image Include="Assets\Wide310x150Logo.scale-150.png">
      <Filter>resources\Assets</Filter>
    </Image>
    <Image Include="Assets\Wide310x150Logo.scale-200.png">
      <Filter>resources\Assets</Filter>
    </Image>
    <Image Include="Assets\Wide310x150Logo.scale-400.png">
      <Filter>resources\Assets</Filter>
    </Image>
  </ItemGroup>
  <ItemGroup>
    <AppxManifest Include="Package.appxmanifest" />
  </ItemGroup>
</Project>