<?xml version="1.0" encoding="utf-8"?>
<Project ToolsVersion="4.0" xmlns="http://schemas.microsoft.com/developer/msbuild/2003">
  <ItemGroup>
    <Page Include="MainWindow.xaml" />
    <Page Include="FeaturesPage.xaml">
      <Filter>components\features</Filter>
    </Page>
    <Page Include="ProgressPage.xaml">
      <Filter>libraries\util</Filter>
    </Page>
    <Page Include="ErrorPage.xaml">
      <Filter>libraries\util</Filter>
    </Page>
    <Page Include="SysInfoPage.xaml">
      <Filter>components\sysinfo</Filter>
    </Page>
    <Page Include="SettingsPage.xaml">
      <Filter>components\settings</Filter>
    </Page>
    <Page Include="TemplateSettingsPage.xaml">
      <Filter>components\settings\subpages</Filter>
    </Page>
    <Page Include="RootSettingsPage.xaml">
      <Filter>components\settings\subpages</Filter>
    </Page>
    <Page Include="SettingsStyleResources.xaml">
      <Filter>components\settings</Filter>
    </Page>
    <Page Include="GlobalStyleResources.xaml">
      <Filter>resources</Filter>
    </Page>
    <Page Include="AddSourceContentDialog.xaml">
      <Filter>components\features</Filter>
    </Page>
  </ItemGroup>
  <ItemGroup>
    <Midl Include="App.idl" />
    <Midl Include="MainWindow.idl" />
    <Midl Include="FeatureTreeElement.idl">
      <Filter>components\features</Filter>
    </Midl>
    <Midl Include="ImageProvider.idl">
      <Filter>libraries\imagingapi</Filter>
    </Midl>
    <Midl Include="SysInfoStaticProvider.idl">
      <Filter>libraries\sysinfoapi</Filter>
    </Midl>
    <Midl Include="SysInfoRealtimeProvider.idl">
      <Filter>libraries\sysinfoapi</Filter>
    </Midl>
    <Midl Include="PackageViewModel.idl">
      <Filter>components\packages</Filter>
    </Midl>
  </ItemGroup>
  <ItemGroup>
    <ClCompile Include="$(GeneratedFilesDir)module.g.cpp">
      <Filter>framework</Filter>
    </ClCompile>
    <ClCompile Include="pch.cpp">
      <Filter>framework</Filter>
    </ClCompile>
    <ClCompile Include="FeatureTreeModel.cpp">
      <Filter>components\features</Filter>
    </ClCompile>
    <ClCompile Include="CbsApiProxy.c">
      <Filter>libraries\servicingapi</Filter>
    </ClCompile>
    <ClCompile Include="AppConfig.cpp">
      <Filter>libraries\appconfig</Filter>
    </ClCompile>
    <ClCompile Include="CbsProviderManager.cpp">
      <Filter>libraries\servicingapi</Filter>
    </ClCompile>
  </ItemGroup>
  <ItemGroup>
    <ClInclude Include="pch.h">
      <Filter>framework</Filter>
    </ClInclude>
    <ClInclude Include="FeatureTreeModel.h">
      <Filter>components\features</Filter>
    </ClInclude>
    <ClInclude Include="SSShimApi.h">
      <Filter>libraries\servicingapi</Filter>
    </ClInclude>
    <ClInclude Include="MallocUtil.h">
      <Filter>libraries\util</Filter>
    </ClInclude>
    <ClInclude Include="AppConfig.h">
      <Filter>libraries\appconfig</Filter>
    </ClInclude>
    <ClInclude Include="CbsProviderManager.h">
      <Filter>libraries\servicingapi</Filter>
    </ClInclude>
  </ItemGroup>
  <ItemGroup>
    <Filter Include="framework">
      <UniqueIdentifier>{1a452f4c-a1ba-4975-8387-e818e1bc333e}</UniqueIdentifier>
    </Filter>
    <Filter Include="components">
      <UniqueIdentifier>{d9378ea3-18fa-4d1d-a8a6-c4b2f8b841a8}</UniqueIdentifier>
    </Filter>
    <Filter Include="libraries">
      <UniqueIdentifier>{38eb061c-6e1f-4c2b-a5fe-781325d28ac4}</UniqueIdentifier>
    </Filter>
    <Filter Include="components\features">
      <UniqueIdentifier>{bb8db857-6887-4c65-964d-88daafa36fdb}</UniqueIdentifier>
    </Filter>
    <Filter Include="libraries\util">
      <UniqueIdentifier>{a094e06b-f6dc-4009-b182-58910abbe46e}</UniqueIdentifier>
    </Filter>
    <Filter Include="components\sysinfo">
      <UniqueIdentifier>{7d12d582-ea58-40b4-a581-896ddff473bc}</UniqueIdentifier>
    </Filter>
    <Filter Include="libraries\appconfig">
      <UniqueIdentifier>{55eaf09c-4e3b-41b5-9ead-cec9990028e7}</UniqueIdentifier>
    </Filter>
    <Filter Include="components\settings">
      <UniqueIdentifier>{41ce4714-fa1c-404c-9307-c554dbc55c6a}</UniqueIdentifier>
    </Filter>
    <Filter Include="components\settings\subpages">
      <UniqueIdentifier>{828c1d4e-e4ff-4598-92ec-d485598fefd6}</UniqueIdentifier>
    </Filter>
    <Filter Include="resources">
      <UniqueIdentifier>{2129dccb-97dc-494d-aba6-3c56e4e34a00}</UniqueIdentifier>
    </Filter>
    <Filter Include="libraries\servicingapi">
      <UniqueIdentifier>{80796b11-1e1a-4abd-a4f1-f86d9614015f}</UniqueIdentifier>
    </Filter>
    <Filter Include="libraries\sysinfoapi">
      <UniqueIdentifier>{f4470710-06d1-456c-9c45-915b3306bf1f}</UniqueIdentifier>
    </Filter>
    <Filter Include="libraries\imagingapi">
      <UniqueIdentifier>{4058fc11-5a60-4305-a6e7-cfa9aafc6c00}</UniqueIdentifier>
    </Filter>
    <Filter Include="resources\EmbedAssets">
      <UniqueIdentifier>{138c5470-b65f-479f-8b89-1b5dbd761e2e}</UniqueIdentifier>
    </Filter>
    <Filter Include="components\packages">
      <UniqueIdentifier>{5ded9c92-d9b2-47ad-a060-d20f20bd3e52}</UniqueIdentifier>
    </Filter>
  </ItemGroup>
  <ItemGroup>
    <Manifest Include="app.manifest">
      <Filter>framework</Filter>
    </Manifest>
  </ItemGroup>
  <ItemGroup>
    <ApplicationDefinition Include="App.xaml">
      <Filter>framework</Filter>
    </ApplicationDefinition>
  </ItemGroup>
  <ItemGroup>
    <None Include="packages.config">
      <Filter>framework</Filter>
    </None>
  </ItemGroup>
  <ItemGroup>
    <CustomBuild Include="CbsApi.idl">
      <Filter>libraries\servicingapi</Filter>
    </CustomBuild>
  </ItemGroup>
  <ItemGroup>
    <MyEmbeddedItems Include="EmbedAssets\Windows7.png">
      <Filter>resources\EmbedAssets</Filter>
    </MyEmbeddedItems>
    <MyEmbeddedItems Include="EmbedAssets\Windows8.png">
      <Filter>resources\EmbedAssets</Filter>
    </MyEmbeddedItems>
    <MyEmbeddedItems Include="EmbedAssets\Windows10.png">
      <Filter>resources\EmbedAssets</Filter>
    </MyEmbeddedItems>
    <MyEmbeddedItems Include="EmbedAssets\Windows11.png">
      <Filter>resources\EmbedAssets</Filter>
    </MyEmbeddedItems>
  </ItemGroup>
</Project>